
Microsoft Visual Studio Solution File, Format Version 12.00
# Visual Studio Version 16
VisualStudioVersion = 16.0.31702.278
MinimumVisualStudioVersion = 10.0.40219.1
Project("{FAE04EC0-301F-11D3-BF4B-00C04F79EFBC}") = "Bài học", "Bài học\Bài học.csproj", "{14965433-9072-46E0-BEE2-BD0A7B0A82A2}"
EndProject
Global
	GlobalSection(SolutionConfigurationPlatforms) = preSolution
		Debug|Any CPU = Debug|Any CPU
		Release|Any CPU = Release|Any CPU
	EndGlobalSection
	GlobalSection(ProjectConfigurationPlatforms) = postSolution
		{14965433-9072-46E0-BEE2-BD0A7B0A82A2}.Debug|Any CPU.ActiveCfg = Debug|Any CPU
		{14965433-9072-46E0-BEE2-BD0A7B0A82A2}.Debug|Any CPU.Build.0 = Debug|Any CPU
		{14965433-9072-46E0-BEE2-BD0A7B0A82A2}.Release|Any CPU.ActiveCfg = Release|Any CPU
		{14965433-9072-46E0-BEE2-BD0A7B0A82A2}.Release|Any CPU.Build.0 = Release|Any CPU
	EndGlobalSection
	GlobalSection(SolutionProperties) = preSolution
		HideSolutionNode = FALSE
	EndGlobalSection
	GlobalSection(ExtensibilityGlobals) = postSolution
		SolutionGuid = {FF786E9C-70C8-4A90-B3D9-F3174E2BC7EC}
	EndGlobalSection
EndGlobal
